
Microsoft Visual Studio Solution File, Format Version 12.00
# Visual Studio Version 17
VisualStudioVersion = 17.10.34804.81
MinimumVisualStudioVersion = 10.0.40219.1
Project("{9A19103F-16F7-4668-BE54-9A1E7A4F7556}") = "WA.CMS.Api", "WA.CMS.Api\WA.CMS.Api.csproj", "{B66F5A41-705A-4004-B2A9-A97875451803}"
EndProject
Project("{2150E333-8FDC-42A3-9474-1A3956D46DE8}") = "Source", "Source", "{C42132D4-6CA0-406A-AC72-B955C0625B7B}"
EndProject
Project("{2150E333-8FDC-42A3-9474-1A3956D46DE8}") = "Tests", "Tests", "{B56FD15E-BD45-41FC-BAC6-FFBE20E01677}"
EndProject
Project("{2150E333-8FDC-42A3-9474-1A3956D46DE8}") = "Solution Items", "Solution Items", "{9F0D1E9B-0816-4913-9028-B90A6D94D099}"
	ProjectSection(SolutionItems) = preProject
		.editorconfig = .editorconfig
		README.md = README.md
	EndProjectSection
EndProject
Project("{9A19103F-16F7-4668-BE54-9A1E7A4F7556}") = "WA.CMS.Application", "WA.CMS.Application\WA.CMS.Application.csproj", "{399680EE-38E1-4078-A8A8-A72079539B6F}"
EndProject
Project("{9A19103F-16F7-4668-BE54-9A1E7A4F7556}") = "WA.CMS.Core", "WA.CMS.Core\WA.CMS.Core.csproj", "{70DB0E25-B967-4EEF-B9ED-170AD7E0D6EA}"
EndProject
Project("{9A19103F-16F7-4668-BE54-9A1E7A4F7556}") = "WA.CMS.Data", "WA.CMS.Data\WA.CMS.Data.csproj", "{983FDFD7-D60D-4075-BD96-6A96C70BE63D}"
EndProject
Project("{9A19103F-16F7-4668-BE54-9A1E7A4F7556}") = "WA.CMS.Domain", "WA.CMS.Domain\WA.CMS.Domain.csproj", "{238909D3-748F-4F23-80D9-189C88778FA8}"
EndProject
Project("{FAE04EC0-301F-11D3-BF4B-00C04F79EFBC}") = "WA.CMS.Api.Tests.Integration", "WA.CMS.Api.Tests.Integration\WA.CMS.Api.Tests.Integration.csproj", "{7655C0B4-A0D0-4C07-A4F1-4870D1E19502}"
EndProject
Global
	GlobalSection(SolutionConfigurationPlatforms) = preSolution
		Debug|Any CPU = Debug|Any CPU
		Release|Any CPU = Release|Any CPU
	EndGlobalSection
	GlobalSection(ProjectConfigurationPlatforms) = postSolution
		{B66F5A41-705A-4004-B2A9-A97875451803}.Debug|Any CPU.ActiveCfg = Debug|Any CPU
		{B66F5A41-705A-4004-B2A9-A97875451803}.Debug|Any CPU.Build.0 = Debug|Any CPU
		{B66F5A41-705A-4004-B2A9-A97875451803}.Release|Any CPU.ActiveCfg = Release|Any CPU
		{B66F5A41-705A-4004-B2A9-A97875451803}.Release|Any CPU.Build.0 = Release|Any CPU
		{399680EE-38E1-4078-A8A8-A72079539B6F}.Debug|Any CPU.ActiveCfg = Debug|Any CPU
		{399680EE-38E1-4078-A8A8-A72079539B6F}.Debug|Any CPU.Build.0 = Debug|Any CPU
		{399680EE-38E1-4078-A8A8-A72079539B6F}.Release|Any CPU.ActiveCfg = Release|Any CPU
		{399680EE-38E1-4078-A8A8-A72079539B6F}.Release|Any CPU.Build.0 = Release|Any CPU
		{70DB0E25-B967-4EEF-B9ED-170AD7E0D6EA}.Debug|Any CPU.ActiveCfg = Debug|Any CPU
		{70DB0E25-B967-4EEF-B9ED-170AD7E0D6EA}.Debug|Any CPU.Build.0 = Debug|Any CPU
		{70DB0E25-B967-4EEF-B9ED-170AD7E0D6EA}.Release|Any CPU.ActiveCfg = Release|Any CPU
		{70DB0E25-B967-4EEF-B9ED-170AD7E0D6EA}.Release|Any CPU.Build.0 = Release|Any CPU
		{983FDFD7-D60D-4075-BD96-6A96C70BE63D}.Debug|Any CPU.ActiveCfg = Debug|Any CPU
		{983FDFD7-D60D-4075-BD96-6A96C70BE63D}.Debug|Any CPU.Build.0 = Debug|Any CPU
		{983FDFD7-D60D-4075-BD96-6A96C70BE63D}.Release|Any CPU.ActiveCfg = Release|Any CPU
		{983FDFD7-D60D-4075-BD96-6A96C70BE63D}.Release|Any CPU.Build.0 = Release|Any CPU
		{238909D3-748F-4F23-80D9-189C88778FA8}.Debug|Any CPU.ActiveCfg = Debug|Any CPU
		{238909D3-748F-4F23-80D9-189C88778FA8}.Debug|Any CPU.Build.0 = Debug|Any CPU
		{238909D3-748F-4F23-80D9-189C88778FA8}.Release|Any CPU.ActiveCfg = Release|Any CPU
		{238909D3-748F-4F23-80D9-189C88778FA8}.Release|Any CPU.Build.0 = Release|Any CPU
		{7655C0B4-A0D0-4C07-A4F1-4870D1E19502}.Debug|Any CPU.ActiveCfg = Debug|Any CPU
		{7655C0B4-A0D0-4C07-A4F1-4870D1E19502}.Debug|Any CPU.Build.0 = Debug|Any CPU
		{7655C0B4-A0D0-4C07-A4F1-4870D1E19502}.Release|Any CPU.ActiveCfg = Release|Any CPU
		{7655C0B4-A0D0-4C07-A4F1-4870D1E19502}.Release|Any CPU.Build.0 = Release|Any CPU
	EndGlobalSection
	GlobalSection(SolutionProperties) = preSolution
		HideSolutionNode = FALSE
	EndGlobalSection
	GlobalSection(NestedProjects) = preSolution
		{B66F5A41-705A-4004-B2A9-A97875451803} = {C42132D4-6CA0-406A-AC72-B955C0625B7B}
		{399680EE-38E1-4078-A8A8-A72079539B6F} = {C42132D4-6CA0-406A-AC72-B955C0625B7B}
		{70DB0E25-B967-4EEF-B9ED-170AD7E0D6EA} = {C42132D4-6CA0-406A-AC72-B955C0625B7B}
		{983FDFD7-D60D-4075-BD96-6A96C70BE63D} = {C42132D4-6CA0-406A-AC72-B955C0625B7B}
		{238909D3-748F-4F23-80D9-189C88778FA8} = {C42132D4-6CA0-406A-AC72-B955C0625B7B}
		{7655C0B4-A0D0-4C07-A4F1-4870D1E19502} = {B56FD15E-BD45-41FC-BAC6-FFBE20E01677}
	EndGlobalSection
	GlobalSection(ExtensibilityGlobals) = postSolution
		SolutionGuid = {0ABD3733-4CB7-4176-B907-7C3206725770}
	EndGlobalSection
EndGlobal
