
Microsoft Visual Studio Solution File, Format Version 12.00
# Visual Studio Version 17
VisualStudioVersion = 17.10.34804.81
MinimumVisualStudioVersion = 10.0.40219.1
Project("{FAE04EC0-301F-11D3-BF4B-00C04F79EFBC}") = "WA.Api", "WA.Api\WA.Api.csproj", "{B66F5A41-705A-4004-B2A9-A97875451803}"
EndProject
Global
	GlobalSection(SolutionConfigurationPlatforms) = preSolution
		Debug|Any CPU = Debug|Any CPU
		Release|Any CPU = Release|Any CPU
	EndGlobalSection
	GlobalSection(ProjectConfigurationPlatforms) = postSolution
		{B66F5A41-705A-4004-B2A9-A97875451803}.Debug|Any CPU.ActiveCfg = Debug|Any CPU
		{B66F5A41-705A-4004-B2A9-A97875451803}.Debug|Any CPU.Build.0 = Debug|Any CPU
		{B66F5A41-705A-4004-B2A9-A97875451803}.Release|Any CPU.ActiveCfg = Release|Any CPU
		{B66F5A41-705A-4004-B2A9-A97875451803}.Release|Any CPU.Build.0 = Release|Any CPU
	EndGlobalSection
	GlobalSection(SolutionProperties) = preSolution
		HideSolutionNode = FALSE
	EndGlobalSection
	GlobalSection(ExtensibilityGlobals) = postSolution
		SolutionGuid = {0ABD3733-4CB7-4176-B907-7C3206725770}
	EndGlobalSection
EndGlobal
